
Microsoft Visual Studio Solution File, Format Version 10.00
# Visual Studio 2008
Project("{8BC9CEB8-8B4A-11D0-8D11-00A0C91BC942}") = "ClientDemo", "ClientDemo.vcproj", "{099887D1-F0C4-4E3D-86E6-DD283F58F2E8}"
EndProject
Project("{8BC9CEB8-8B4A-11D0-8D11-00A0C91BC942}") = "ServerDemo", "ServerDemo.vcproj", "{AB28238F-CDC8-4B22-B747-3C6BD1BFC083}"
EndProject
Global
	GlobalSection(SolutionConfigurationPlatforms) = preSolution
		Debug|Win32 = Debug|Win32
		Release|Win32 = Release|Win32
	EndGlobalSection
	GlobalSection(ProjectConfigurationPlatforms) = postSolution
		{099887D1-F0C4-4E3D-86E6-DD283F58F2E8}.Debug|Win32.ActiveCfg = Debug|Win32
		{099887D1-F0C4-4E3D-86E6-DD283F58F2E8}.Debug|Win32.Build.0 = Debug|Win32
		{099887D1-F0C4-4E3D-86E6-DD283F58F2E8}.Release|Win32.ActiveCfg = Release|Win32
		{099887D1-F0C4-4E3D-86E6-DD283F58F2E8}.Release|Win32.Build.0 = Release|Win32
		{AB28238F-CDC8-4B22-B747-3C6BD1BFC083}.Debug|Win32.ActiveCfg = Debug|Win32
		{AB28238F-CDC8-4B22-B747-3C6BD1BFC083}.Debug|Win32.Build.0 = Debug|Win32
		{AB28238F-CDC8-4B22-B747-3C6BD1BFC083}.Release|Win32.ActiveCfg = Release|Win32
		{AB28238F-CDC8-4B22-B747-3C6BD1BFC083}.Release|Win32.Build.0 = Release|Win32
	EndGlobalSection
	GlobalSection(SolutionProperties) = preSolution
		HideSolutionNode = FALSE
	EndGlobalSection
EndGlobal
