
Microsoft Visual Studio Solution File, Format Version 10.00
# Visual Studio 2008
Project("{FAE04EC0-301F-11D3-BF4B-00C04F79EFBC}") = "Unity3D_Client", "Unity3D_Client\Unity3D_Client.csproj", "{35844667-E76F-4FDA-B1C1-F4218DBF9DEF}"
	ProjectSection(ProjectDependencies) = postProject
		{54BEC9B8-7C4C-4F8E-8129-7C61B5AE9B59} = {54BEC9B8-7C4C-4F8E-8129-7C61B5AE9B59}
	EndProjectSection
EndProject
Project("{FAE04EC0-301F-11D3-BF4B-00C04F79EFBC}") = "TestClient", "TestClient\TestClient.csproj", "{6ED1C69F-41FB-4FD1-9F2C-D3D9E7FCEA7E}"
	ProjectSection(ProjectDependencies) = postProject
		{35844667-E76F-4FDA-B1C1-F4218DBF9DEF} = {35844667-E76F-4FDA-B1C1-F4218DBF9DEF}
		{54BEC9B8-7C4C-4F8E-8129-7C61B5AE9B59} = {54BEC9B8-7C4C-4F8E-8129-7C61B5AE9B59}
	EndProjectSection
EndProject
Project("{FAE04EC0-301F-11D3-BF4B-00C04F79EFBC}") = "zlib", "zlib\zlib.csproj", "{54BEC9B8-7C4C-4F8E-8129-7C61B5AE9B59}"
EndProject
Global
	GlobalSection(SolutionConfigurationPlatforms) = preSolution
		Debug|Any CPU = Debug|Any CPU
		Release|Any CPU = Release|Any CPU
	EndGlobalSection
	GlobalSection(ProjectConfigurationPlatforms) = postSolution
		{35844667-E76F-4FDA-B1C1-F4218DBF9DEF}.Debug|Any CPU.ActiveCfg = Debug|Any CPU
		{35844667-E76F-4FDA-B1C1-F4218DBF9DEF}.Debug|Any CPU.Build.0 = Debug|Any CPU
		{35844667-E76F-4FDA-B1C1-F4218DBF9DEF}.Release|Any CPU.ActiveCfg = Release|Any CPU
		{35844667-E76F-4FDA-B1C1-F4218DBF9DEF}.Release|Any CPU.Build.0 = Release|Any CPU
		{6ED1C69F-41FB-4FD1-9F2C-D3D9E7FCEA7E}.Debug|Any CPU.ActiveCfg = Debug|Any CPU
		{6ED1C69F-41FB-4FD1-9F2C-D3D9E7FCEA7E}.Debug|Any CPU.Build.0 = Debug|Any CPU
		{6ED1C69F-41FB-4FD1-9F2C-D3D9E7FCEA7E}.Release|Any CPU.ActiveCfg = Release|Any CPU
		{6ED1C69F-41FB-4FD1-9F2C-D3D9E7FCEA7E}.Release|Any CPU.Build.0 = Release|Any CPU
		{54BEC9B8-7C4C-4F8E-8129-7C61B5AE9B59}.Debug|Any CPU.ActiveCfg = Debug|Any CPU
		{54BEC9B8-7C4C-4F8E-8129-7C61B5AE9B59}.Debug|Any CPU.Build.0 = Debug|Any CPU
		{54BEC9B8-7C4C-4F8E-8129-7C61B5AE9B59}.Release|Any CPU.ActiveCfg = Release|Any CPU
		{54BEC9B8-7C4C-4F8E-8129-7C61B5AE9B59}.Release|Any CPU.Build.0 = Release|Any CPU
	EndGlobalSection
	GlobalSection(SolutionProperties) = preSolution
		HideSolutionNode = FALSE
	EndGlobalSection
EndGlobal
